
Microsoft Visual Studio Solution File, Format Version 12.00
# Visual Studio 14
VisualStudioVersion = 14.0.25123.0
MinimumVisualStudioVersion = 10.0.40219.1
Project("{FAE04EC0-301F-11D3-BF4B-00C04F79EFBC}") = "Finance Application", "Finance Application\Finance Application.csproj", "{AC81D6A6-896E-4EE8-A788-DB7C305A046E}"
EndProject
Project("{FAE04EC0-301F-11D3-BF4B-00C04F79EFBC}") = "WindowsExperiments", "WindowsExperiments\WindowsExperiments.csproj", "{BF21B896-BBF5-45AF-BA71-A709F0047EB5}"
EndProject
Project("{FAE04EC0-301F-11D3-BF4B-00C04F79EFBC}") = "TestSuite.Tests", "TestSuite\TestSuite.Tests.csproj", "{7105A5ED-A663-4731-96C2-A684CD7613A5}"
EndProject
Project("{FAE04EC0-301F-11D3-BF4B-00C04F79EFBC}") = "Chapter2", "Chapter2\Chapter2.csproj", "{8111F20C-00A4-4A3D-8E73-808FCE4EEC74}"
EndProject
Global
	GlobalSection(SolutionConfigurationPlatforms) = preSolution
		Debug|Any CPU = Debug|Any CPU
		Release|Any CPU = Release|Any CPU
	EndGlobalSection
	GlobalSection(ProjectConfigurationPlatforms) = postSolution
		{AC81D6A6-896E-4EE8-A788-DB7C305A046E}.Debug|Any CPU.ActiveCfg = Debug|Any CPU
		{AC81D6A6-896E-4EE8-A788-DB7C305A046E}.Debug|Any CPU.Build.0 = Debug|Any CPU
		{AC81D6A6-896E-4EE8-A788-DB7C305A046E}.Release|Any CPU.ActiveCfg = Release|Any CPU
		{AC81D6A6-896E-4EE8-A788-DB7C305A046E}.Release|Any CPU.Build.0 = Release|Any CPU
		{BF21B896-BBF5-45AF-BA71-A709F0047EB5}.Debug|Any CPU.ActiveCfg = Debug|Any CPU
		{BF21B896-BBF5-45AF-BA71-A709F0047EB5}.Debug|Any CPU.Build.0 = Debug|Any CPU
		{BF21B896-BBF5-45AF-BA71-A709F0047EB5}.Release|Any CPU.ActiveCfg = Release|Any CPU
		{BF21B896-BBF5-45AF-BA71-A709F0047EB5}.Release|Any CPU.Build.0 = Release|Any CPU
		{7105A5ED-A663-4731-96C2-A684CD7613A5}.Debug|Any CPU.ActiveCfg = Debug|Any CPU
		{7105A5ED-A663-4731-96C2-A684CD7613A5}.Debug|Any CPU.Build.0 = Debug|Any CPU
		{7105A5ED-A663-4731-96C2-A684CD7613A5}.Release|Any CPU.ActiveCfg = Release|Any CPU
		{7105A5ED-A663-4731-96C2-A684CD7613A5}.Release|Any CPU.Build.0 = Release|Any CPU
		{8111F20C-00A4-4A3D-8E73-808FCE4EEC74}.Debug|Any CPU.ActiveCfg = Debug|Any CPU
		{8111F20C-00A4-4A3D-8E73-808FCE4EEC74}.Debug|Any CPU.Build.0 = Debug|Any CPU
		{8111F20C-00A4-4A3D-8E73-808FCE4EEC74}.Release|Any CPU.ActiveCfg = Release|Any CPU
		{8111F20C-00A4-4A3D-8E73-808FCE4EEC74}.Release|Any CPU.Build.0 = Release|Any CPU
	EndGlobalSection
	GlobalSection(SolutionProperties) = preSolution
		HideSolutionNode = FALSE
	EndGlobalSection
EndGlobal
